// !$*UTF8*$!
{
	archiveVersion = 1;
	classes = {
	};
	objectVersion = 77;
	objects = {

/* Begin PBXBuildFile section */
		04947A662DBC26EC000092B8 /* Neumorphic in Frameworks */ = {isa = PBXBuildFile; productRef = 04947A652DBC26EC000092B8 /* Neumorphic */; };
		04BFC3F12D2AC331007F0AFD /* FirebaseAnalytics in Frameworks */ = {isa = PBXBuildFile; productRef = 04BFC3F02D2AC331007F0AFD /* FirebaseAnalytics */; };
		04BFC3F32D2AC331007F0AFD /* FirebaseAnalyticsOnDeviceConversion in Frameworks */ = {isa = PBXBuildFile; productRef = 04BFC3F22D2AC331007F0AFD /* FirebaseAnalyticsOnDeviceConversion */; };
		04BFC3F52D2AC331007F0AFD /* FirebaseAnalyticsWithoutAdIdSupport in Frameworks */ = {isa = PBXBuildFile; productRef = 04BFC3F42D2AC331007F0AFD /* FirebaseAnalyticsWithoutAdIdSupport */; };
		04BFC3F72D2AC331007F0AFD /* FirebaseAppCheck in Frameworks */ = {isa = PBXBuildFile; productRef = 04BFC3F62D2AC331007F0AFD /* FirebaseAppCheck */; };
		04BFC3F92D2AC331007F0AFD /* FirebaseAppDistribution-Beta in Frameworks */ = {isa = PBXBuildFile; productRef = 04BFC3F82D2AC331007F0AFD /* FirebaseAppDistribution-Beta */; };
		04BFC3FB2D2AC331007F0AFD /* FirebaseAuth in Frameworks */ = {isa = PBXBuildFile; productRef = 04BFC3FA2D2AC331007F0AFD /* FirebaseAuth */; };
		04BFC3FD2D2AC331007F0AFD /* FirebaseAuthCombine-Community in Frameworks */ = {isa = PBXBuildFile; productRef = 04BFC3FC2D2AC331007F0AFD /* FirebaseAuthCombine-Community */; };
		04BFC3FF2D2AC331007F0AFD /* FirebaseCore in Frameworks */ = {isa = PBXBuildFile; productRef = 04BFC3FE2D2AC331007F0AFD /* FirebaseCore */; };
		04BFC4012D2AC331007F0AFD /* FirebaseCrashlytics in Frameworks */ = {isa = PBXBuildFile; productRef = 04BFC4002D2AC331007F0AFD /* FirebaseCrashlytics */; };
		04BFC4032D2AC331007F0AFD /* FirebaseDatabase in Frameworks */ = {isa = PBXBuildFile; productRef = 04BFC4022D2AC331007F0AFD /* FirebaseDatabase */; };
		04BFC4052D2AC331007F0AFD /* FirebaseDynamicLinks in Frameworks */ = {isa = PBXBuildFile; productRef = 04BFC4042D2AC331007F0AFD /* FirebaseDynamicLinks */; };
		04BFC4072D2AC331007F0AFD /* FirebaseFirestore in Frameworks */ = {isa = PBXBuildFile; productRef = 04BFC4062D2AC331007F0AFD /* FirebaseFirestore */; };
		04BFC4092D2AC331007F0AFD /* FirebaseFirestoreCombine-Community in Frameworks */ = {isa = PBXBuildFile; productRef = 04BFC4082D2AC331007F0AFD /* FirebaseFirestoreCombine-Community */; };
		04BFC40B2D2AC331007F0AFD /* FirebaseFunctions in Frameworks */ = {isa = PBXBuildFile; productRef = 04BFC40A2D2AC331007F0AFD /* FirebaseFunctions */; };
		04BFC40D2D2AC331007F0AFD /* FirebaseFunctionsCombine-Community in Frameworks */ = {isa = PBXBuildFile; productRef = 04BFC40C2D2AC331007F0AFD /* FirebaseFunctionsCombine-Community */; };
		04BFC40F2D2AC331007F0AFD /* FirebaseInAppMessaging-Beta in Frameworks */ = {isa = PBXBuildFile; productRef = 04BFC40E2D2AC331007F0AFD /* FirebaseInAppMessaging-Beta */; };
		04BFC4112D2AC331007F0AFD /* FirebaseInstallations in Frameworks */ = {isa = PBXBuildFile; productRef = 04BFC4102D2AC331007F0AFD /* FirebaseInstallations */; };
		04BFC4132D2AC331007F0AFD /* FirebaseMLModelDownloader in Frameworks */ = {isa = PBXBuildFile; productRef = 04BFC4122D2AC331007F0AFD /* FirebaseMLModelDownloader */; };
		04BFC4152D2AC331007F0AFD /* FirebaseMessaging in Frameworks */ = {isa = PBXBuildFile; productRef = 04BFC4142D2AC331007F0AFD /* FirebaseMessaging */; };
		04BFC4172D2AC331007F0AFD /* FirebasePerformance in Frameworks */ = {isa = PBXBuildFile; productRef = 04BFC4162D2AC331007F0AFD /* FirebasePerformance */; };
		04BFC4192D2AC331007F0AFD /* FirebaseRemoteConfig in Frameworks */ = {isa = PBXBuildFile; productRef = 04BFC4182D2AC331007F0AFD /* FirebaseRemoteConfig */; };
		04BFC41B2D2AC331007F0AFD /* FirebaseStorage in Frameworks */ = {isa = PBXBuildFile; productRef = 04BFC41A2D2AC331007F0AFD /* FirebaseStorage */; };
		04BFC41D2D2AC331007F0AFD /* FirebaseStorageCombine-Community in Frameworks */ = {isa = PBXBuildFile; productRef = 04BFC41C2D2AC331007F0AFD /* FirebaseStorageCombine-Community */; };
		04BFC41F2D2AC331007F0AFD /* FirebaseVertexAI in Frameworks */ = {isa = PBXBuildFile; productRef = 04BFC41E2D2AC331007F0AFD /* FirebaseVertexAI */; };
/* End PBXBuildFile section */

/* Begin PBXFileReference section */
		04FB8DAA2D18185A00E90FBB /* Wallify.app */ = {isa = PBXFileReference; explicitFileType = wrapper.application; includeInIndex = 0; path = Wallify.app; sourceTree = BUILT_PRODUCTS_DIR; };
/* End PBXFileReference section */

/* Begin PBXFileSystemSynchronizedRootGroup section */
		04FB8DAC2D18185A00E90FBB /* Wallify */ = {
			isa = PBXFileSystemSynchronizedRootGroup;
			path = Wallify;
			sourceTree = "<group>";
		};
/* End PBXFileSystemSynchronizedRootGroup section */

/* Begin PBXFrameworksBuildPhase section */
		04FB8DA72D18185A00E90FBB /* Frameworks */ = {
			isa = PBXFrameworksBuildPhase;
			buildActionMask = 2147483647;
			files = (
				04BFC4092D2AC331007F0AFD /* FirebaseFirestoreCombine-Community in Frameworks */,
				04BFC41F2D2AC331007F0AFD /* FirebaseVertexAI in Frameworks */,
				04BFC40B2D2AC331007F0AFD /* FirebaseFunctions in Frameworks */,
				04BFC4172D2AC331007F0AFD /* FirebasePerformance in Frameworks */,
				04BFC41D2D2AC331007F0AFD /* FirebaseStorageCombine-Community in Frameworks */,
				04BFC4192D2AC331007F0AFD /* FirebaseRemoteConfig in Frameworks */,
				04BFC4032D2AC331007F0AFD /* FirebaseDatabase in Frameworks */,
				04BFC4052D2AC331007F0AFD /* FirebaseDynamicLinks in Frameworks */,
				04BFC3F72D2AC331007F0AFD /* FirebaseAppCheck in Frameworks */,
				04BFC3FB2D2AC331007F0AFD /* FirebaseAuth in Frameworks */,
				04BFC3F12D2AC331007F0AFD /* FirebaseAnalytics in Frameworks */,
				04BFC4072D2AC331007F0AFD /* FirebaseFirestore in Frameworks */,
				04BFC4152D2AC331007F0AFD /* FirebaseMessaging in Frameworks */,
				04BFC4112D2AC331007F0AFD /* FirebaseInstallations in Frameworks */,
				04BFC40D2D2AC331007F0AFD /* FirebaseFunctionsCombine-Community in Frameworks */,
				04BFC3F92D2AC331007F0AFD /* FirebaseAppDistribution-Beta in Frameworks */,
				04BFC3F52D2AC331007F0AFD /* FirebaseAnalyticsWithoutAdIdSupport in Frameworks */,
				04BFC40F2D2AC331007F0AFD /* FirebaseInAppMessaging-Beta in Frameworks */,
				04947A662DBC26EC000092B8 /* Neumorphic in Frameworks */,
				04BFC3FD2D2AC331007F0AFD /* FirebaseAuthCombine-Community in Frameworks */,
				04BFC4012D2AC331007F0AFD /* FirebaseCrashlytics in Frameworks */,
				04BFC4132D2AC331007F0AFD /* FirebaseMLModelDownloader in Frameworks */,
				04BFC41B2D2AC331007F0AFD /* FirebaseStorage in Frameworks */,
				04BFC3FF2D2AC331007F0AFD /* FirebaseCore in Frameworks */,
				04BFC3F32D2AC331007F0AFD /* FirebaseAnalyticsOnDeviceConversion in Frameworks */,
			);
			runOnlyForDeploymentPostprocessing = 0;
		};
/* End PBXFrameworksBuildPhase section */

/* Begin PBXGroup section */
		04FB8DA12D18185A00E90FBB = {
			isa = PBXGroup;
			children = (
				04FB8DAC2D18185A00E90FBB /* Wallify */,
				04FB8DAB2D18185A00E90FBB /* Products */,
			);
			sourceTree = "<group>";
		};
		04FB8DAB2D18185A00E90FBB /* Products */ = {
			isa = PBXGroup;
			children = (
				04FB8DAA2D18185A00E90FBB /* Wallify.app */,
			);
			name = Products;
			sourceTree = "<group>";
		};
/* End PBXGroup section */

/* Begin PBXNativeTarget section */
		04FB8DA92D18185A00E90FBB /* Wallify */ = {
			isa = PBXNativeTarget;
			buildConfigurationList = 04FB8DB82D18185B00E90FBB /* Build configuration list for PBXNativeTarget "Wallify" */;
			buildPhases = (
				04FB8DA62D18185A00E90FBB /* Sources */,
				04FB8DA72D18185A00E90FBB /* Frameworks */,
				04FB8DA82D18185A00E90FBB /* Resources */,
			);
			buildRules = (
			);
			dependencies = (
			);
			fileSystemSynchronizedGroups = (
				04FB8DAC2D18185A00E90FBB /* Wallify */,
			);
			name = Wallify;
			packageProductDependencies = (
				04BFC3F02D2AC331007F0AFD /* FirebaseAnalytics */,
				04BFC3F22D2AC331007F0AFD /* FirebaseAnalyticsOnDeviceConversion */,
				04BFC3F42D2AC331007F0AFD /* FirebaseAnalyticsWithoutAdIdSupport */,
				04BFC3F62D2AC331007F0AFD /* FirebaseAppCheck */,
				04BFC3F82D2AC331007F0AFD /* FirebaseAppDistribution-Beta */,
				04BFC3FA2D2AC331007F0AFD /* FirebaseAuth */,
				04BFC3FC2D2AC331007F0AFD /* FirebaseAuthCombine-Community */,
				04BFC3FE2D2AC331007F0AFD /* FirebaseCore */,
				04BFC4002D2AC331007F0AFD /* FirebaseCrashlytics */,
				04BFC4022D2AC331007F0AFD /* FirebaseDatabase */,
				04BFC4042D2AC331007F0AFD /* FirebaseDynamicLinks */,
				04BFC4062D2AC331007F0AFD /* FirebaseFirestore */,
				04BFC4082D2AC331007F0AFD /* FirebaseFirestoreCombine-Community */,
				04BFC40A2D2AC331007F0AFD /* FirebaseFunctions */,
				04BFC40C2D2AC331007F0AFD /* FirebaseFunctionsCombine-Community */,
				04BFC40E2D2AC331007F0AFD /* FirebaseInAppMessaging-Beta */,
				04BFC4102D2AC331007F0AFD /* FirebaseInstallations */,
				04BFC4122D2AC331007F0AFD /* FirebaseMLModelDownloader */,
				04BFC4142D2AC331007F0AFD /* FirebaseMessaging */,
				04BFC4162D2AC331007F0AFD /* FirebasePerformance */,
				04BFC4182D2AC331007F0AFD /* FirebaseRemoteConfig */,
				04BFC41A2D2AC331007F0AFD /* FirebaseStorage */,
				04BFC41C2D2AC331007F0AFD /* FirebaseStorageCombine-Community */,
				04BFC41E2D2AC331007F0AFD /* FirebaseVertexAI */,
				04947A652DBC26EC000092B8 /* Neumorphic */,
			);
			productName = Wallify;
			productReference = 04FB8DAA2D18185A00E90FBB /* Wallify.app */;
			productType = "com.apple.product-type.application";
		};
/* End PBXNativeTarget section */

/* Begin PBXProject section */
		04FB8DA22D18185A00E90FBB /* Project object */ = {
			isa = PBXProject;
			attributes = {
				BuildIndependentTargetsInParallel = 1;
				LastSwiftUpdateCheck = 1600;
				LastUpgradeCheck = 1600;
				TargetAttributes = {
					04FB8DA92D18185A00E90FBB = {
						CreatedOnToolsVersion = 16.0;
					};
				};
			};
			buildConfigurationList = 04FB8DA52D18185A00E90FBB /* Build configuration list for PBXProject "Wallify" */;
			developmentRegion = en;
			hasScannedForEncodings = 0;
			knownRegions = (
				en,
				Base,
			);
			mainGroup = 04FB8DA12D18185A00E90FBB;
			minimizedProjectReferenceProxies = 1;
			packageReferences = (
				04BFC3EF2D2AC331007F0AFD /* XCRemoteSwiftPackageReference "firebase-ios-sdk" */,
				04947A642DBC26EC000092B8 /* XCRemoteSwiftPackageReference "neumorphic" */,
			);
			preferredProjectObjectVersion = 77;
			productRefGroup = 04FB8DAB2D18185A00E90FBB /* Products */;
			projectDirPath = "";
			projectRoot = "";
			targets = (
				04FB8DA92D18185A00E90FBB /* Wallify */,
			);
		};
/* End PBXProject section */

/* Begin PBXResourcesBuildPhase section */
		04FB8DA82D18185A00E90FBB /* Resources */ = {
			isa = PBXResourcesBuildPhase;
			buildActionMask = 2147483647;
			files = (
			);
			runOnlyForDeploymentPostprocessing = 0;
		};
/* End PBXResourcesBuildPhase section */

/* Begin PBXSourcesBuildPhase section */
		04FB8DA62D18185A00E90FBB /* Sources */ = {
			isa = PBXSourcesBuildPhase;
			buildActionMask = 2147483647;
			files = (
			);
			runOnlyForDeploymentPostprocessing = 0;
		};
/* End PBXSourcesBuildPhase section */

/* Begin XCBuildConfiguration section */
		04FB8DB62D18185B00E90FBB /* Debug */ = {
			isa = XCBuildConfiguration;
			buildSettings = {
				ALWAYS_SEARCH_USER_PATHS = NO;
				ASSETCATALOG_COMPILER_GENERATE_SWIFT_ASSET_SYMBOL_EXTENSIONS = YES;
				CLANG_ANALYZER_NONNULL = YES;
				CLANG_ANALYZER_NUMBER_OBJECT_CONVERSION = YES_AGGRESSIVE;
				CLANG_CXX_LANGUAGE_STANDARD = "gnu++20";
				CLANG_ENABLE_MODULES = YES;
				CLANG_ENABLE_OBJC_ARC = YES;
				CLANG_ENABLE_OBJC_WEAK = YES;
				CLANG_WARN_BLOCK_CAPTURE_AUTORELEASING = YES;
				CLANG_WARN_BOOL_CONVERSION = YES;
				CLANG_WARN_COMMA = YES;
				CLANG_WARN_CONSTANT_CONVERSION = YES;
				CLANG_WARN_DEPRECATED_OBJC_IMPLEMENTATIONS = YES;
				CLANG_WARN_DIRECT_OBJC_ISA_USAGE = YES_ERROR;
				CLANG_WARN_DOCUMENTATION_COMMENTS = YES;
				CLANG_WARN_EMPTY_BODY = YES;
				CLANG_WARN_ENUM_CONVERSION = YES;
				CLANG_WARN_INFINITE_RECURSION = YES;
				CLANG_WARN_INT_CONVERSION = YES;
				CLANG_WARN_NON_LITERAL_NULL_CONVERSION = YES;
				CLANG_WARN_OBJC_IMPLICIT_RETAIN_SELF = YES;
				CLANG_WARN_OBJC_LITERAL_CONVERSION = YES;
				CLANG_WARN_OBJC_ROOT_CLASS = YES_ERROR;
				CLANG_WARN_QUOTED_INCLUDE_IN_FRAMEWORK_HEADER = YES;
				CLANG_WARN_RANGE_LOOP_ANALYSIS = YES;
				CLANG_WARN_STRICT_PROTOTYPES = YES;
				CLANG_WARN_SUSPICIOUS_MOVE = YES;
				CLANG_WARN_UNGUARDED_AVAILABILITY = YES_AGGRESSIVE;
				CLANG_WARN_UNREACHABLE_CODE = YES;
				CLANG_WARN__DUPLICATE_METHOD_MATCH = YES;
				COPY_PHASE_STRIP = NO;
				DEBUG_INFORMATION_FORMAT = dwarf;
				ENABLE_STRICT_OBJC_MSGSEND = YES;
				ENABLE_TESTABILITY = YES;
				ENABLE_USER_SCRIPT_SANDBOXING = YES;
				GCC_C_LANGUAGE_STANDARD = gnu17;
				GCC_DYNAMIC_NO_PIC = NO;
				GCC_NO_COMMON_BLOCKS = YES;
				GCC_OPTIMIZATION_LEVEL = 0;
				GCC_PREPROCESSOR_DEFINITIONS = (
					"DEBUG=1",
					"$(inherited)",
				);
				GCC_WARN_64_TO_32_BIT_CONVERSION = YES;
				GCC_WARN_ABOUT_RETURN_TYPE = YES_ERROR;
				GCC_WARN_UNDECLARED_SELECTOR = YES;
				GCC_WARN_UNINITIALIZED_AUTOS = YES_AGGRESSIVE;
				GCC_WARN_UNUSED_FUNCTION = YES;
				GCC_WARN_UNUSED_VARIABLE = YES;
				IPHONEOS_DEPLOYMENT_TARGET = 18.0;
				LOCALIZATION_PREFERS_STRING_CATALOGS = YES;
				MTL_ENABLE_DEBUG_INFO = INCLUDE_SOURCE;
				MTL_FAST_MATH = YES;
				ONLY_ACTIVE_ARCH = YES;
				SDKROOT = iphoneos;
				SWIFT_ACTIVE_COMPILATION_CONDITIONS = "DEBUG $(inherited)";
				SWIFT_OPTIMIZATION_LEVEL = "-Onone";
			};
			name = Debug;
		};
		04FB8DB72D18185B00E90FBB /* Release */ = {
			isa = XCBuildConfiguration;
			buildSettings = {
				ALWAYS_SEARCH_USER_PATHS = NO;
				ASSETCATALOG_COMPILER_GENERATE_SWIFT_ASSET_SYMBOL_EXTENSIONS = YES;
				CLANG_ANALYZER_NONNULL = YES;
				CLANG_ANALYZER_NUMBER_OBJECT_CONVERSION = YES_AGGRESSIVE;
				CLANG_CXX_LANGUAGE_STANDARD = "gnu++20";
				CLANG_ENABLE_MODULES = YES;
				CLANG_ENABLE_OBJC_ARC = YES;
				CLANG_ENABLE_OBJC_WEAK = YES;
				CLANG_WARN_BLOCK_CAPTURE_AUTORELEASING = YES;
				CLANG_WARN_BOOL_CONVERSION = YES;
				CLANG_WARN_COMMA = YES;
				CLANG_WARN_CONSTANT_CONVERSION = YES;
				CLANG_WARN_DEPRECATED_OBJC_IMPLEMENTATIONS = YES;
				CLANG_WARN_DIRECT_OBJC_ISA_USAGE = YES_ERROR;
				CLANG_WARN_DOCUMENTATION_COMMENTS = YES;
				CLANG_WARN_EMPTY_BODY = YES;
				CLANG_WARN_ENUM_CONVERSION = YES;
				CLANG_WARN_INFINITE_RECURSION = YES;
				CLANG_WARN_INT_CONVERSION = YES;
				CLANG_WARN_NON_LITERAL_NULL_CONVERSION = YES;
				CLANG_WARN_OBJC_IMPLICIT_RETAIN_SELF = YES;
				CLANG_WARN_OBJC_LITERAL_CONVERSION = YES;
				CLANG_WARN_OBJC_ROOT_CLASS = YES_ERROR;
				CLANG_WARN_QUOTED_INCLUDE_IN_FRAMEWORK_HEADER = YES;
				CLANG_WARN_RANGE_LOOP_ANALYSIS = YES;
				CLANG_WARN_STRICT_PROTOTYPES = YES;
				CLANG_WARN_SUSPICIOUS_MOVE = YES;
				CLANG_WARN_UNGUARDED_AVAILABILITY = YES_AGGRESSIVE;
				CLANG_WARN_UNREACHABLE_CODE = YES;
				CLANG_WARN__DUPLICATE_METHOD_MATCH = YES;
				COPY_PHASE_STRIP = NO;
				DEBUG_INFORMATION_FORMAT = "dwarf-with-dsym";
				ENABLE_NS_ASSERTIONS = NO;
				ENABLE_STRICT_OBJC_MSGSEND = YES;
				ENABLE_USER_SCRIPT_SANDBOXING = YES;
				GCC_C_LANGUAGE_STANDARD = gnu17;
				GCC_NO_COMMON_BLOCKS = YES;
				GCC_WARN_64_TO_32_BIT_CONVERSION = YES;
				GCC_WARN_ABOUT_RETURN_TYPE = YES_ERROR;
				GCC_WARN_UNDECLARED_SELECTOR = YES;
				GCC_WARN_UNINITIALIZED_AUTOS = YES_AGGRESSIVE;
				GCC_WARN_UNUSED_FUNCTION = YES;
				GCC_WARN_UNUSED_VARIABLE = YES;
				IPHONEOS_DEPLOYMENT_TARGET = 18.0;
				LOCALIZATION_PREFERS_STRING_CATALOGS = YES;
				MTL_ENABLE_DEBUG_INFO = NO;
				MTL_FAST_MATH = YES;
				SDKROOT = iphoneos;
				SWIFT_COMPILATION_MODE = wholemodule;
				VALIDATE_PRODUCT = YES;
			};
			name = Release;
		};
		04FB8DB92D18185B00E90FBB /* Debug */ = {
			isa = XCBuildConfiguration;
			buildSettings = {
				ASSETCATALOG_COMPILER_APPICON_NAME = AppIcon;
				ASSETCATALOG_COMPILER_GLOBAL_ACCENT_COLOR_NAME = AccentColor;
				CODE_SIGN_STYLE = Automatic;
				CURRENT_PROJECT_VERSION = 1;
				DEVELOPMENT_ASSET_PATHS = "\"Wallify/Preview Content\"";
				DEVELOPMENT_TEAM = J746UW3NMH;
				ENABLE_PREVIEWS = YES;
				GENERATE_INFOPLIST_FILE = YES;
				INFOPLIST_KEY_UIApplicationSceneManifest_Generation = YES;
				INFOPLIST_KEY_UIApplicationSupportsIndirectInputEvents = YES;
				INFOPLIST_KEY_UILaunchScreen_Generation = YES;
				INFOPLIST_KEY_UISupportedInterfaceOrientations_iPad = "UIInterfaceOrientationPortrait UIInterfaceOrientationPortraitUpsideDown UIInterfaceOrientationLandscapeLeft UIInterfaceOrientationLandscapeRight";
				INFOPLIST_KEY_UISupportedInterfaceOrientations_iPhone = "UIInterfaceOrientationPortrait UIInterfaceOrientationLandscapeLeft UIInterfaceOrientationLandscapeRight";
				LD_RUNPATH_SEARCH_PATHS = (
					"$(inherited)",
					"@executable_path/Frameworks",
				);
				MARKETING_VERSION = 1.0;
				PRODUCT_BUNDLE_IDENTIFIER = com.mahmutozkan.Wallify;
				PRODUCT_NAME = "$(TARGET_NAME)";
				SWIFT_EMIT_LOC_STRINGS = YES;
				SWIFT_VERSION = 5.0;
				TARGETED_DEVICE_FAMILY = "1,2";
			};
			name = Debug;
		};
		04FB8DBA2D18185B00E90FBB /* Release */ = {
			isa = XCBuildConfiguration;
			buildSettings = {
				ASSETCATALOG_COMPILER_APPICON_NAME = AppIcon;
				ASSETCATALOG_COMPILER_GLOBAL_ACCENT_COLOR_NAME = AccentColor;
				CODE_SIGN_STYLE = Automatic;
				CURRENT_PROJECT_VERSION = 1;
				DEVELOPMENT_ASSET_PATHS = "\"Wallify/Preview Content\"";
				DEVELOPMENT_TEAM = J746UW3NMH;
				ENABLE_PREVIEWS = YES;
				GENERATE_INFOPLIST_FILE = YES;
				INFOPLIST_KEY_UIApplicationSceneManifest_Generation = YES;
				INFOPLIST_KEY_UIApplicationSupportsIndirectInputEvents = YES;
				INFOPLIST_KEY_UILaunchScreen_Generation = YES;
				INFOPLIST_KEY_UISupportedInterfaceOrientations_iPad = "UIInterfaceOrientationPortrait UIInterfaceOrientationPortraitUpsideDown UIInterfaceOrientationLandscapeLeft UIInterfaceOrientationLandscapeRight";
				INFOPLIST_KEY_UISupportedInterfaceOrientations_iPhone = "UIInterfaceOrientationPortrait UIInterfaceOrientationLandscapeLeft UIInterfaceOrientationLandscapeRight";
				LD_RUNPATH_SEARCH_PATHS = (
					"$(inherited)",
					"@executable_path/Frameworks",
				);
				MARKETING_VERSION = 1.0;
				PRODUCT_BUNDLE_IDENTIFIER = com.mahmutozkan.Wallify;
				PRODUCT_NAME = "$(TARGET_NAME)";
				SWIFT_EMIT_LOC_STRINGS = YES;
				SWIFT_VERSION = 5.0;
				TARGETED_DEVICE_FAMILY = "1,2";
			};
			name = Release;
		};
/* End XCBuildConfiguration section */

/* Begin XCConfigurationList section */
		04FB8DA52D18185A00E90FBB /* Build configuration list for PBXProject "Wallify" */ = {
			isa = XCConfigurationList;
			buildConfigurations = (
				04FB8DB62D18185B00E90FBB /* Debug */,
				04FB8DB72D18185B00E90FBB /* Release */,
			);
			defaultConfigurationIsVisible = 0;
			defaultConfigurationName = Release;
		};
		04FB8DB82D18185B00E90FBB /* Build configuration list for PBXNativeTarget "Wallify" */ = {
			isa = XCConfigurationList;
			buildConfigurations = (
				04FB8DB92D18185B00E90FBB /* Debug */,
				04FB8DBA2D18185B00E90FBB /* Release */,
			);
			defaultConfigurationIsVisible = 0;
			defaultConfigurationName = Release;
		};
/* End XCConfigurationList section */

/* Begin XCRemoteSwiftPackageReference section */
		04947A642DBC26EC000092B8 /* XCRemoteSwiftPackageReference "neumorphic" */ = {
			isa = XCRemoteSwiftPackageReference;
			repositoryURL = "https://github.com/costachung/neumorphic/";
			requirement = {
				branch = master;
				kind = branch;
			};
		};
		04BFC3EF2D2AC331007F0AFD /* XCRemoteSwiftPackageReference "firebase-ios-sdk" */ = {
			isa = XCRemoteSwiftPackageReference;
			repositoryURL = "https://github.com/firebase/firebase-ios-sdk";
			requirement = {
				kind = upToNextMajorVersion;
				minimumVersion = 11.6.0;
			};
		};
/* End XCRemoteSwiftPackageReference section */

/* Begin XCSwiftPackageProductDependency section */
		04947A652DBC26EC000092B8 /* Neumorphic */ = {
			isa = XCSwiftPackageProductDependency;
			package = 04947A642DBC26EC000092B8 /* XCRemoteSwiftPackageReference "neumorphic" */;
			productName = Neumorphic;
		};
		04BFC3F02D2AC331007F0AFD /* FirebaseAnalytics */ = {
			isa = XCSwiftPackageProductDependency;
			package = 04BFC3EF2D2AC331007F0AFD /* XCRemoteSwiftPackageReference "firebase-ios-sdk" */;
			productName = FirebaseAnalytics;
		};
		04BFC3F22D2AC331007F0AFD /* FirebaseAnalyticsOnDeviceConversion */ = {
			isa = XCSwiftPackageProductDependency;
			package = 04BFC3EF2D2AC331007F0AFD /* XCRemoteSwiftPackageReference "firebase-ios-sdk" */;
			productName = FirebaseAnalyticsOnDeviceConversion;
		};
		04BFC3F42D2AC331007F0AFD /* FirebaseAnalyticsWithoutAdIdSupport */ = {
			isa = XCSwiftPackageProductDependency;
			package = 04BFC3EF2D2AC331007F0AFD /* XCRemoteSwiftPackageReference "firebase-ios-sdk" */;
			productName = FirebaseAnalyticsWithoutAdIdSupport;
		};
		04BFC3F62D2AC331007F0AFD /* FirebaseAppCheck */ = {
			isa = XCSwiftPackageProductDependency;
			package = 04BFC3EF2D2AC331007F0AFD /* XCRemoteSwiftPackageReference "firebase-ios-sdk" */;
			productName = FirebaseAppCheck;
		};
		04BFC3F82D2AC331007F0AFD /* FirebaseAppDistribution-Beta */ = {
			isa = XCSwiftPackageProductDependency;
			package = 04BFC3EF2D2AC331007F0AFD /* XCRemoteSwiftPackageReference "firebase-ios-sdk" */;
			productName = "FirebaseAppDistribution-Beta";
		};
		04BFC3FA2D2AC331007F0AFD /* FirebaseAuth */ = {
			isa = XCSwiftPackageProductDependency;
			package = 04BFC3EF2D2AC331007F0AFD /* XCRemoteSwiftPackageReference "firebase-ios-sdk" */;
			productName = FirebaseAuth;
		};
		04BFC3FC2D2AC331007F0AFD /* FirebaseAuthCombine-Community */ = {
			isa = XCSwiftPackageProductDependency;
			package = 04BFC3EF2D2AC331007F0AFD /* XCRemoteSwiftPackageReference "firebase-ios-sdk" */;
			productName = "FirebaseAuthCombine-Community";
		};
		04BFC3FE2D2AC331007F0AFD /* FirebaseCore */ = {
			isa = XCSwiftPackageProductDependency;
			package = 04BFC3EF2D2AC331007F0AFD /* XCRemoteSwiftPackageReference "firebase-ios-sdk" */;
			productName = FirebaseCore;
		};
		04BFC4002D2AC331007F0AFD /* FirebaseCrashlytics */ = {
			isa = XCSwiftPackageProductDependency;
			package = 04BFC3EF2D2AC331007F0AFD /* XCRemoteSwiftPackageReference "firebase-ios-sdk" */;
			productName = FirebaseCrashlytics;
		};
		04BFC4022D2AC331007F0AFD /* FirebaseDatabase */ = {
			isa = XCSwiftPackageProductDependency;
			package = 04BFC3EF2D2AC331007F0AFD /* XCRemoteSwiftPackageReference "firebase-ios-sdk" */;
			productName = FirebaseDatabase;
		};
		04BFC4042D2AC331007F0AFD /* FirebaseDynamicLinks */ = {
			isa = XCSwiftPackageProductDependency;
			package = 04BFC3EF2D2AC331007F0AFD /* XCRemoteSwiftPackageReference "firebase-ios-sdk" */;
			productName = FirebaseDynamicLinks;
		};
		04BFC4062D2AC331007F0AFD /* FirebaseFirestore */ = {
			isa = XCSwiftPackageProductDependency;
			package = 04BFC3EF2D2AC331007F0AFD /* XCRemoteSwiftPackageReference "firebase-ios-sdk" */;
			productName = FirebaseFirestore;
		};
		04BFC4082D2AC331007F0AFD /* FirebaseFirestoreCombine-Community */ = {
			isa = XCSwiftPackageProductDependency;
			package = 04BFC3EF2D2AC331007F0AFD /* XCRemoteSwiftPackageReference "firebase-ios-sdk" */;
			productName = "FirebaseFirestoreCombine-Community";
		};
		04BFC40A2D2AC331007F0AFD /* FirebaseFunctions */ = {
			isa = XCSwiftPackageProductDependency;
			package = 04BFC3EF2D2AC331007F0AFD /* XCRemoteSwiftPackageReference "firebase-ios-sdk" */;
			productName = FirebaseFunctions;
		};
		04BFC40C2D2AC331007F0AFD /* FirebaseFunctionsCombine-Community */ = {
			isa = XCSwiftPackageProductDependency;
			package = 04BFC3EF2D2AC331007F0AFD /* XCRemoteSwiftPackageReference "firebase-ios-sdk" */;
			productName = "FirebaseFunctionsCombine-Community";
		};
		04BFC40E2D2AC331007F0AFD /* FirebaseInAppMessaging-Beta */ = {
			isa = XCSwiftPackageProductDependency;
			package = 04BFC3EF2D2AC331007F0AFD /* XCRemoteSwiftPackageReference "firebase-ios-sdk" */;
			productName = "FirebaseInAppMessaging-Beta";
		};
		04BFC4102D2AC331007F0AFD /* FirebaseInstallations */ = {
			isa = XCSwiftPackageProductDependency;
			package = 04BFC3EF2D2AC331007F0AFD /* XCRemoteSwiftPackageReference "firebase-ios-sdk" */;
			productName = FirebaseInstallations;
		};
		04BFC4122D2AC331007F0AFD /* FirebaseMLModelDownloader */ = {
			isa = XCSwiftPackageProductDependency;
			package = 04BFC3EF2D2AC331007F0AFD /* XCRemoteSwiftPackageReference "firebase-ios-sdk" */;
			productName = FirebaseMLModelDownloader;
		};
		04BFC4142D2AC331007F0AFD /* FirebaseMessaging */ = {
			isa = XCSwiftPackageProductDependency;
			package = 04BFC3EF2D2AC331007F0AFD /* XCRemoteSwiftPackageReference "firebase-ios-sdk" */;
			productName = FirebaseMessaging;
		};
		04BFC4162D2AC331007F0AFD /* FirebasePerformance */ = {
			isa = XCSwiftPackageProductDependency;
			package = 04BFC3EF2D2AC331007F0AFD /* XCRemoteSwiftPackageReference "firebase-ios-sdk" */;
			productName = FirebasePerformance;
		};
		04BFC4182D2AC331007F0AFD /* FirebaseRemoteConfig */ = {
			isa = XCSwiftPackageProductDependency;
			package = 04BFC3EF2D2AC331007F0AFD /* XCRemoteSwiftPackageReference "firebase-ios-sdk" */;
			productName = FirebaseRemoteConfig;
		};
		04BFC41A2D2AC331007F0AFD /* FirebaseStorage */ = {
			isa = XCSwiftPackageProductDependency;
			package = 04BFC3EF2D2AC331007F0AFD /* XCRemoteSwiftPackageReference "firebase-ios-sdk" */;
			productName = FirebaseStorage;
		};
		04BFC41C2D2AC331007F0AFD /* FirebaseStorageCombine-Community */ = {
			isa = XCSwiftPackageProductDependency;
			package = 04BFC3EF2D2AC331007F0AFD /* XCRemoteSwiftPackageReference "firebase-ios-sdk" */;
			productName = "FirebaseStorageCombine-Community";
		};
		04BFC41E2D2AC331007F0AFD /* FirebaseVertexAI */ = {
			isa = XCSwiftPackageProductDependency;
			package = 04BFC3EF2D2AC331007F0AFD /* XCRemoteSwiftPackageReference "firebase-ios-sdk" */;
			productName = FirebaseVertexAI;
		};
/* End XCSwiftPackageProductDependency section */
	};
	rootObject = 04FB8DA22D18185A00E90FBB /* Project object */;
}
